// !$*UTF8*$!
{
	archiveVersion = 1;
	classes = {
	};
	objectVersion = 46;
	objects = {

/* Begin PBXBuildFile section */
		4E1758541C478C2700B89E11 /* QObject.cpp in Sources */ = {isa = PBXBuildFile; fileRef = 4E1758521C478C2700B89E11 /* QObject.cpp */; };
		4E7075CE1C45219400C008B0 /* SimpleObject.cpp in Sources */ = {isa = PBXBuildFile; fileRef = 4E7075C31C45219400C008B0 /* SimpleObject.cpp */; };
		4E7075CF1C45219400C008B0 /* TrivialObject.cpp in Sources */ = {isa = PBXBuildFile; fileRef = 4E7075C41C45219400C008B0 /* TrivialObject.cpp */; };
		4E7075D01C45219400C008B0 /* Main.cpp in Sources */ = {isa = PBXBuildFile; fileRef = 4E7075C51C45219400C008B0 /* Main.cpp */; };
		4E7075D11C45219400C008B0 /* Duo.cpp in Sources */ = {isa = PBXBuildFile; fileRef = 4E7075C81C45219400C008B0 /* Duo.cpp */; };
		4E7075D21C45219400C008B0 /* Matr4.cpp in Sources */ = {isa = PBXBuildFile; fileRef = 4E7075CA1C45219400C008B0 /* Matr4.cpp */; };
		4E7075D31C45219400C008B0 /* HalfEdge.cpp in Sources */ = {isa = PBXBuildFile; fileRef = 4E7075CB1C45219400C008B0 /* HalfEdge.cpp */; };
		4E7075D41C45219400C008B0 /* Vec3f.cpp in Sources */ = {isa = PBXBuildFile; fileRef = 4E7075CD1C45219400C008B0 /* Vec3f.cpp */; };
		4E7075D81C455BC900C008B0 /* HEObject.cpp in Sources */ = {isa = PBXBuildFile; fileRef = 4E7075D61C455BC900C008B0 /* HEObject.cpp */; };
/* End PBXBuildFile section */

/* Begin PBXCopyFilesBuildPhase section */
		4E7075B71C45216000C008B0 /* CopyFiles */ = {
			isa = PBXCopyFilesBuildPhase;
			buildActionMask = 2147483647;
			dstPath = /usr/share/man/man1/;
			dstSubfolderSpec = 0;
			files = (
			);
			runOnlyForDeploymentPostprocessing = 1;
		};
/* End PBXCopyFilesBuildPhase section */

/* Begin PBXFileReference section */
		4E1758521C478C2700B89E11 /* QObject.cpp */ = {isa = PBXFileReference; fileEncoding = 4; lastKnownFileType = sourcecode.cpp.cpp; path = QObject.cpp; sourceTree = "<group>"; };
		4E1758531C478C2700B89E11 /* QObject.hpp */ = {isa = PBXFileReference; fileEncoding = 4; lastKnownFileType = sourcecode.cpp.h; path = QObject.hpp; sourceTree = "<group>"; };
		4E7075B91C45216000C008B0 /* Mesh */ = {isa = PBXFileReference; explicitFileType = "compiled.mach-o.executable"; includeInIndex = 0; path = Mesh; sourceTree = BUILT_PRODUCTS_DIR; };
		4E7075C31C45219400C008B0 /* SimpleObject.cpp */ = {isa = PBXFileReference; fileEncoding = 4; lastKnownFileType = sourcecode.cpp.cpp; path = SimpleObject.cpp; sourceTree = "<group>"; };
		4E7075C41C45219400C008B0 /* TrivialObject.cpp */ = {isa = PBXFileReference; fileEncoding = 4; lastKnownFileType = sourcecode.cpp.cpp; path = TrivialObject.cpp; sourceTree = "<group>"; };
		4E7075C51C45219400C008B0 /* Main.cpp */ = {isa = PBXFileReference; fileEncoding = 4; lastKnownFileType = sourcecode.cpp.cpp; path = Main.cpp; sourceTree = "<group>"; };
		4E7075C61C45219400C008B0 /* TrivialObject.h */ = {isa = PBXFileReference; fileEncoding = 4; lastKnownFileType = sourcecode.c.h; path = TrivialObject.h; sourceTree = "<group>"; };
		4E7075C71C45219400C008B0 /* SimpleObject.h */ = {isa = PBXFileReference; fileEncoding = 4; lastKnownFileType = sourcecode.c.h; path = SimpleObject.h; sourceTree = "<group>"; };
		4E7075C81C45219400C008B0 /* Duo.cpp */ = {isa = PBXFileReference; fileEncoding = 4; lastKnownFileType = sourcecode.cpp.cpp; path = Duo.cpp; sourceTree = "<group>"; };
		4E7075C91C45219400C008B0 /* Matr4.h */ = {isa = PBXFileReference; fileEncoding = 4; lastKnownFileType = sourcecode.c.h; path = Matr4.h; sourceTree = "<group>"; };
		4E7075CA1C45219400C008B0 /* Matr4.cpp */ = {isa = PBXFileReference; fileEncoding = 4; lastKnownFileType = sourcecode.cpp.cpp; path = Matr4.cpp; sourceTree = "<group>"; };
		4E7075CB1C45219400C008B0 /* HalfEdge.cpp */ = {isa = PBXFileReference; fileEncoding = 4; lastKnownFileType = sourcecode.cpp.cpp; path = HalfEdge.cpp; sourceTree = "<group>"; };
		4E7075CC1C45219400C008B0 /* Vec3f.h */ = {isa = PBXFileReference; fileEncoding = 4; lastKnownFileType = sourcecode.c.h; path = Vec3f.h; sourceTree = "<group>"; };
		4E7075CD1C45219400C008B0 /* Vec3f.cpp */ = {isa = PBXFileReference; fileEncoding = 4; lastKnownFileType = sourcecode.cpp.cpp; path = Vec3f.cpp; sourceTree = "<group>"; };
		4E7075D51C455B8F00C008B0 /* HEObject.h */ = {isa = PBXFileReference; lastKnownFileType = sourcecode.c.h; path = HEObject.h; sourceTree = "<group>"; };
		4E7075D61C455BC900C008B0 /* HEObject.cpp */ = {isa = PBXFileReference; fileEncoding = 4; lastKnownFileType = sourcecode.cpp.cpp; path = HEObject.cpp; sourceTree = "<group>"; };
		4EA9F7F41C4A386E00EE59E2 /* Duo.h */ = {isa = PBXFileReference; lastKnownFileType = sourcecode.c.h; path = Duo.h; sourceTree = "<group>"; };
/* End PBXFileReference section */

/* Begin PBXFrameworksBuildPhase section */
		4E7075B61C45216000C008B0 /* Frameworks */ = {
			isa = PBXFrameworksBuildPhase;
			buildActionMask = 2147483647;
			files = (
			);
			runOnlyForDeploymentPostprocessing = 0;
		};
/* End PBXFrameworksBuildPhase section */

/* Begin PBXGroup section */
		4E7075B01C45216000C008B0 = {
			isa = PBXGroup;
			children = (
				4E7075BB1C45216000C008B0 /* Mesh */,
				4E7075BA1C45216000C008B0 /* Products */,
			);
			sourceTree = "<group>";
		};
		4E7075BA1C45216000C008B0 /* Products */ = {
			isa = PBXGroup;
			children = (
				4E7075B91C45216000C008B0 /* Mesh */,
			);
			name = Products;
			sourceTree = "<group>";
		};
		4E7075BB1C45216000C008B0 /* Mesh */ = {
			isa = PBXGroup;
			children = (
				4E7075C31C45219400C008B0 /* SimpleObject.cpp */,
				4E7075C41C45219400C008B0 /* TrivialObject.cpp */,
				4E7075D61C455BC900C008B0 /* HEObject.cpp */,
				4E7075C51C45219400C008B0 /* Main.cpp */,
				4E7075C61C45219400C008B0 /* TrivialObject.h */,
				4E1758521C478C2700B89E11 /* QObject.cpp */,
				4E1758531C478C2700B89E11 /* QObject.hpp */,
				4E7075D51C455B8F00C008B0 /* HEObject.h */,
				4E7075C71C45219400C008B0 /* SimpleObject.h */,
				4E7075C81C45219400C008B0 /* Duo.cpp */,
				4EA9F7F41C4A386E00EE59E2 /* Duo.h */,
				4E7075C91C45219400C008B0 /* Matr4.h */,
				4E7075CA1C45219400C008B0 /* Matr4.cpp */,
				4E7075CB1C45219400C008B0 /* HalfEdge.cpp */,
				4E7075CC1C45219400C008B0 /* Vec3f.h */,
				4E7075CD1C45219400C008B0 /* Vec3f.cpp */,
			);
			path = Mesh;
			sourceTree = "<group>";
		};
/* End PBXGroup section */

/* Begin PBXNativeTarget section */
		4E7075B81C45216000C008B0 /* Mesh */ = {
			isa = PBXNativeTarget;
			buildConfigurationList = 4E7075C01C45216000C008B0 /* Build configuration list for PBXNativeTarget "Mesh" */;
			buildPhases = (
				4E7075B51C45216000C008B0 /* Sources */,
				4E7075B61C45216000C008B0 /* Frameworks */,
				4E7075B71C45216000C008B0 /* CopyFiles */,
			);
			buildRules = (
			);
			dependencies = (
			);
			name = Mesh;
			productName = Mesh;
			productReference = 4E7075B91C45216000C008B0 /* Mesh */;
			productType = "com.apple.product-type.tool";
		};
/* End PBXNativeTarget section */

/* Begin PBXProject section */
		4E7075B11C45216000C008B0 /* Project object */ = {
			isa = PBXProject;
			attributes = {
				LastUpgradeCheck = 0720;
				ORGANIZATIONNAME = "Gary Wang";
				TargetAttributes = {
					4E7075B81C45216000C008B0 = {
						CreatedOnToolsVersion = 7.2;
					};
				};
			};
			buildConfigurationList = 4E7075B41C45216000C008B0 /* Build configuration list for PBXProject "Mesh" */;
			compatibilityVersion = "Xcode 3.2";
			developmentRegion = English;
			hasScannedForEncodings = 0;
			knownRegions = (
				en,
			);
			mainGroup = 4E7075B01C45216000C008B0;
			productRefGroup = 4E7075BA1C45216000C008B0 /* Products */;
			projectDirPath = "";
			projectRoot = "";
			targets = (
				4E7075B81C45216000C008B0 /* Mesh */,
			);
		};
/* End PBXProject section */

/* Begin PBXSourcesBuildPhase section */
		4E7075B51C45216000C008B0 /* Sources */ = {
			isa = PBXSourcesBuildPhase;
			buildActionMask = 2147483647;
			files = (
				4E7075D21C45219400C008B0 /* Matr4.cpp in Sources */,
				4E7075D81C455BC900C008B0 /* HEObject.cpp in Sources */,
				4E7075D11C45219400C008B0 /* Duo.cpp in Sources */,
				4E7075D01C45219400C008B0 /* Main.cpp in Sources */,
				4E7075D41C45219400C008B0 /* Vec3f.cpp in Sources */,
				4E7075D31C45219400C008B0 /* HalfEdge.cpp in Sources */,
				4E1758541C478C2700B89E11 /* QObject.cpp in Sources */,
				4E7075CF1C45219400C008B0 /* TrivialObject.cpp in Sources */,
				4E7075CE1C45219400C008B0 /* SimpleObject.cpp in Sources */,
			);
			runOnlyForDeploymentPostprocessing = 0;
		};
/* End PBXSourcesBuildPhase section */

/* Begin XCBuildConfiguration section */
		4E7075BE1C45216000C008B0 /* Debug */ = {
			isa = XCBuildConfiguration;
			buildSettings = {
				ALWAYS_SEARCH_USER_PATHS = NO;
				CLANG_CXX_LANGUAGE_STANDARD = "gnu++0x";
				CLANG_CXX_LIBRARY = "libc++";
				CLANG_ENABLE_MODULES = YES;
				CLANG_ENABLE_OBJC_ARC = YES;
				CLANG_WARN_BOOL_CONVERSION = YES;
				CLANG_WARN_CONSTANT_CONVERSION = YES;
				CLANG_WARN_DIRECT_OBJC_ISA_USAGE = YES_ERROR;
				CLANG_WARN_EMPTY_BODY = YES;
				CLANG_WARN_ENUM_CONVERSION = YES;
				CLANG_WARN_INT_CONVERSION = YES;
				CLANG_WARN_OBJC_ROOT_CLASS = YES_ERROR;
				CLANG_WARN_UNREACHABLE_CODE = YES;
				CLANG_WARN__DUPLICATE_METHOD_MATCH = YES;
				CODE_SIGN_IDENTITY = "-";
				COPY_PHASE_STRIP = NO;
				DEBUG_INFORMATION_FORMAT = dwarf;
				ENABLE_STRICT_OBJC_MSGSEND = YES;
				ENABLE_TESTABILITY = YES;
				GCC_C_LANGUAGE_STANDARD = gnu99;
				GCC_DYNAMIC_NO_PIC = NO;
				GCC_NO_COMMON_BLOCKS = YES;
				GCC_OPTIMIZATION_LEVEL = 0;
				GCC_PREPROCESSOR_DEFINITIONS = (
					"DEBUG=1",
					"$(inherited)",
				);
				GCC_WARN_64_TO_32_BIT_CONVERSION = YES;
				GCC_WARN_ABOUT_RETURN_TYPE = YES_ERROR;
				GCC_WARN_UNDECLARED_SELECTOR = YES;
				GCC_WARN_UNINITIALIZED_AUTOS = YES_AGGRESSIVE;
				GCC_WARN_UNUSED_FUNCTION = YES;
				GCC_WARN_UNUSED_VARIABLE = YES;
				MACOSX_DEPLOYMENT_TARGET = 10.11;
				MTL_ENABLE_DEBUG_INFO = YES;
				ONLY_ACTIVE_ARCH = YES;
				SDKROOT = macosx;
			};
			name = Debug;
		};
		4E7075BF1C45216000C008B0 /* Release */ = {
			isa = XCBuildConfiguration;
			buildSettings = {
				ALWAYS_SEARCH_USER_PATHS = NO;
				CLANG_CXX_LANGUAGE_STANDARD = "gnu++0x";
				CLANG_CXX_LIBRARY = "libc++";
				CLANG_ENABLE_MODULES = YES;
				CLANG_ENABLE_OBJC_ARC = YES;
				CLANG_WARN_BOOL_CONVERSION = YES;
				CLANG_WARN_CONSTANT_CONVERSION = YES;
				CLANG_WARN_DIRECT_OBJC_ISA_USAGE = YES_ERROR;
				CLANG_WARN_EMPTY_BODY = YES;
				CLANG_WARN_ENUM_CONVERSION = YES;
				CLANG_WARN_INT_CONVERSION = YES;
				CLANG_WARN_OBJC_ROOT_CLASS = YES_ERROR;
				CLANG_WARN_UNREACHABLE_CODE = YES;
				CLANG_WARN__DUPLICATE_METHOD_MATCH = YES;
				CODE_SIGN_IDENTITY = "-";
				COPY_PHASE_STRIP = NO;
				DEBUG_INFORMATION_FORMAT = "dwarf-with-dsym";
				ENABLE_NS_ASSERTIONS = NO;
				ENABLE_STRICT_OBJC_MSGSEND = YES;
				GCC_C_LANGUAGE_STANDARD = gnu99;
				GCC_NO_COMMON_BLOCKS = YES;
				GCC_WARN_64_TO_32_BIT_CONVERSION = YES;
				GCC_WARN_ABOUT_RETURN_TYPE = YES_ERROR;
				GCC_WARN_UNDECLARED_SELECTOR = YES;
				GCC_WARN_UNINITIALIZED_AUTOS = YES_AGGRESSIVE;
				GCC_WARN_UNUSED_FUNCTION = YES;
				GCC_WARN_UNUSED_VARIABLE = YES;
				MACOSX_DEPLOYMENT_TARGET = 10.11;
				MTL_ENABLE_DEBUG_INFO = NO;
				SDKROOT = macosx;
			};
			name = Release;
		};
		4E7075C11C45216000C008B0 /* Debug */ = {
			isa = XCBuildConfiguration;
			buildSettings = {
				ARCHS = "$(ARCHS_STANDARD_32_BIT)";
				PRODUCT_NAME = "$(TARGET_NAME)";
			};
			name = Debug;
		};
		4E7075C21C45216000C008B0 /* Release */ = {
			isa = XCBuildConfiguration;
			buildSettings = {
				ARCHS = "$(ARCHS_STANDARD_32_BIT)";
				PRODUCT_NAME = "$(TARGET_NAME)";
			};
			name = Release;
		};
/* End XCBuildConfiguration section */

/* Begin XCConfigurationList section */
		4E7075B41C45216000C008B0 /* Build configuration list for PBXProject "Mesh" */ = {
			isa = XCConfigurationList;
			buildConfigurations = (
				4E7075BE1C45216000C008B0 /* Debug */,
				4E7075BF1C45216000C008B0 /* Release */,
			);
			defaultConfigurationIsVisible = 0;
			defaultConfigurationName = Release;
		};
		4E7075C01C45216000C008B0 /* Build configuration list for PBXNativeTarget "Mesh" */ = {
			isa = XCConfigurationList;
			buildConfigurations = (
				4E7075C11C45216000C008B0 /* Debug */,
				4E7075C21C45216000C008B0 /* Release */,
			);
			defaultConfigurationIsVisible = 0;
			defaultConfigurationName = Release;
		};
/* End XCConfigurationList section */
	};
	rootObject = 4E7075B11C45216000C008B0 /* Project object */;
}
